
Microsoft Visual Studio Solution File, Format Version 12.00
# Visual Studio 15
VisualStudioVersion = 15.0.27004.2002
MinimumVisualStudioVersion = 10.0.40219.1
Project("{8BC9CEB8-8B4A-11D0-8D11-00A0C91BC942}") = "Blackjack", "Blackjack\Blackjack.vcxproj", "{EEC4DEC8-DE25-4AC8-BF1B-E622FADF9CDF}"
EndProject
Global
	GlobalSection(SolutionConfigurationPlatforms) = preSolution
		Debug|x64 = Debug|x64
		Debug|x86 = Debug|x86
		Release|x64 = Release|x64
		Release|x86 = Release|x86
	EndGlobalSection
	GlobalSection(ProjectConfigurationPlatforms) = postSolution
		{EEC4DEC8-DE25-4AC8-BF1B-E622FADF9CDF}.Debug|x64.ActiveCfg = Debug|x64
		{EEC4DEC8-DE25-4AC8-BF1B-E622FADF9CDF}.Debug|x64.Build.0 = Debug|x64
		{EEC4DEC8-DE25-4AC8-BF1B-E622FADF9CDF}.Debug|x86.ActiveCfg = Debug|Win32
		{EEC4DEC8-DE25-4AC8-BF1B-E622FADF9CDF}.Debug|x86.Build.0 = Debug|Win32
		{EEC4DEC8-DE25-4AC8-BF1B-E622FADF9CDF}.Release|x64.ActiveCfg = Release|x64
		{EEC4DEC8-DE25-4AC8-BF1B-E622FADF9CDF}.Release|x64.Build.0 = Release|x64
		{EEC4DEC8-DE25-4AC8-BF1B-E622FADF9CDF}.Release|x86.ActiveCfg = Release|Win32
		{EEC4DEC8-DE25-4AC8-BF1B-E622FADF9CDF}.Release|x86.Build.0 = Release|Win32
	EndGlobalSection
	GlobalSection(SolutionProperties) = preSolution
		HideSolutionNode = FALSE
	EndGlobalSection
	GlobalSection(ExtensibilityGlobals) = postSolution
		SolutionGuid = {7B860C43-28AA-4EF5-BD4A-0422AF307F55}
	EndGlobalSection
EndGlobal
